
Microsoft Visual Studio Solution File, Format Version 12.00
# Visual Studio Version 17
VisualStudioVersion = 17.14.37012.4 d17.14
MinimumVisualStudioVersion = 10.0.40219.1
Project("{FAE04EC0-301F-11D3-BF4B-00C04F79EFBC}") = "GeoVis", "GeoVis.csproj", "{D7A2B830-6067-40FB-9488-F0AD745ED730}"
EndProject
Global
	GlobalSection(SolutionConfigurationPlatforms) = preSolution
		Debug|Any CPU = Debug|Any CPU
		Release|Any CPU = Release|Any CPU
	EndGlobalSection
	GlobalSection(ProjectConfigurationPlatforms) = postSolution
		{D7A2B830-6067-40FB-9488-F0AD745ED730}.Debug|Any CPU.ActiveCfg = Debug|Any CPU
		{D7A2B830-6067-40FB-9488-F0AD745ED730}.Debug|Any CPU.Build.0 = Debug|Any CPU
		{D7A2B830-6067-40FB-9488-F0AD745ED730}.Release|Any CPU.ActiveCfg = Release|Any CPU
		{D7A2B830-6067-40FB-9488-F0AD745ED730}.Release|Any CPU.Build.0 = Release|Any CPU
	EndGlobalSection
	GlobalSection(SolutionProperties) = preSolution
		HideSolutionNode = FALSE
	EndGlobalSection
	GlobalSection(ExtensibilityGlobals) = postSolution
		SolutionGuid = {E626C9BD-7B87-42FF-A487-C48BE19A7E3F}
	EndGlobalSection
EndGlobal
